dependencies:
- name: ff-common
  repository: https://frankframework.github.io/charts/
  version: 0.1.18
- name: openzaak
  repository: https://maykinmedia.github.io/charts/
  version: 1.1.1
digest: sha256:5f6948fc63dad8dfe41a658f9c44e7500325fd0f0529eefd37dfbdae045ff4c6
generated: "2023-12-15T13:42:37.957752717+01:00"
